github.com/hbstack/theme-start v0.7.0 h1:YfHDFSH5YcqhYT9aOUIMsQPow9hVpZTuwRn/OKvZ1IA=
github.com/hbstack/theme-start v0.7.0/go.mod h1:+qziJCXRAKbCiD9sY/8iqaboDy6Ka1zzNTNLI6G4vds=
github.com/hbstack/theme-start/engines/bing v0.1.2 h1:kkWybsqNtx24Whog9hu/ViVLDcSvzzm1jrZlKWeEl60=
github.com/hbstack/theme-start/engines/bing v0.1.2/go.mod h1:ylJhU6DD9wU7w01o1Wm71Vr9flJz8BO1tAbDESe10mw=
github.com/hbstack/theme-start/engines/google v0.1.1 h1:MBpgKr/lePopffMrW+juSqGFJTApoKrAHQ2e8cn1FlU=
github.com/hbstack/theme-start/engines/google v0.1.1/go.mod h1:T0wfHlDE3tT+diYyiay5plYf1QUpyhNoYULsjA5FRBA=
